// !$*UTF8*$!
{
	archiveVersion = 1;
	classes = {
	};
	objectVersion = 46;
	objects = {

/* Begin PBXBuildFile section */
		2F57D7571F42DD11007D9392 /* AppDelegate.swift in Sources */ = {isa = PBXBuildFile; fileRef = 2F57D7561F42DD11007D9392 /* AppDelegate.swift */; };
		2F57D7591F42DD11007D9392 /* ViewController.swift in Sources */ = {isa = PBXBuildFile; fileRef = 2F57D7581F42DD11007D9392 /* ViewController.swift */; };
		2F57D75C1F42DD11007D9392 /* Main.storyboard in Resources */ = {isa = PBXBuildFile; fileRef = 2F57D75A1F42DD11007D9392 /* Main.storyboard */; };
		2F57D75E1F42DD11007D9392 /* Assets.xcassets in Resources */ = {isa = PBXBuildFile; fileRef = 2F57D75D1F42DD11007D9392 /* Assets.xcassets */; };
		2F57D7611F42DD11007D9392 /* LaunchScreen.storyboard in Resources */ = {isa = PBXBuildFile; fileRef = 2F57D75F1F42DD11007D9392 /* LaunchScreen.storyboard */; };
		2F57D76C1F42DD11007D9392 /* MessagingAppTests.swift in Sources */ = {isa = PBXBuildFile; fileRef = 2F57D76B1F42DD11007D9392 /* MessagingAppTests.swift */; };
		2F57D7771F42DD11007D9392 /* MessagingAppUITests.swift in Sources */ = {isa = PBXBuildFile; fileRef = 2F57D7761F42DD11007D9392 /* MessagingAppUITests.swift */; };
		2F57D7861F42E734007D9392 /* LoginViewController.swift in Sources */ = {isa = PBXBuildFile; fileRef = 2F57D7851F42E734007D9392 /* LoginViewController.swift */; };
		2F57D7891F42FA1D007D9392 /* purplle-icon.ttf in Resources */ = {isa = PBXBuildFile; fileRef = 2F57D7881F42FA1D007D9392 /* purplle-icon.ttf */; };
		2F57D78A1F42FA1D007D9392 /* purplle-icon.ttf in Resources */ = {isa = PBXBuildFile; fileRef = 2F57D7881F42FA1D007D9392 /* purplle-icon.ttf */; };
		2F57D78B1F42FA1D007D9392 /* purplle-icon.ttf in Resources */ = {isa = PBXBuildFile; fileRef = 2F57D7881F42FA1D007D9392 /* purplle-icon.ttf */; };
		2F57D7911F43217B007D9392 /* MessagingConstants.swift in Sources */ = {isa = PBXBuildFile; fileRef = 2F57D7901F43217B007D9392 /* MessagingConstants.swift */; };
		2F57D7921F43217B007D9392 /* MessagingConstants.swift in Sources */ = {isa = PBXBuildFile; fileRef = 2F57D7901F43217B007D9392 /* MessagingConstants.swift */; };
		2F57D7931F43217B007D9392 /* MessagingConstants.swift in Sources */ = {isa = PBXBuildFile; fileRef = 2F57D7901F43217B007D9392 /* MessagingConstants.swift */; };
/* End PBXBuildFile section */

/* Begin PBXContainerItemProxy section */
		2F57D7681F42DD11007D9392 /* PBXContainerItemProxy */ = {
			isa = PBXContainerItemProxy;
			containerPortal = 2F57D74B1F42DD11007D9392 /* Project object */;
			proxyType = 1;
			remoteGlobalIDString = 2F57D7521F42DD11007D9392;
			remoteInfo = MessagingApp;
		};
		2F57D7731F42DD11007D9392 /* PBXContainerItemProxy */ = {
			isa = PBXContainerItemProxy;
			containerPortal = 2F57D74B1F42DD11007D9392 /* Project object */;
			proxyType = 1;
			remoteGlobalIDString = 2F57D7521F42DD11007D9392;
			remoteInfo = MessagingApp;
		};
/* End PBXContainerItemProxy section */

/* Begin PBXFileReference section */
		2F57D7531F42DD11007D9392 /* MessagingApp.app */ = {isa = PBXFileReference; explicitFileType = wrapper.application; includeInIndex = 0; path = MessagingApp.app; sourceTree = BUILT_PRODUCTS_DIR; };
		2F57D7561F42DD11007D9392 /* AppDelegate.swift */ = {isa = PBXFileReference; lastKnownFileType = sourcecode.swift; path = AppDelegate.swift; sourceTree = "<group>"; };
		2F57D7581F42DD11007D9392 /* ViewController.swift */ = {isa = PBXFileReference; lastKnownFileType = sourcecode.swift; path = ViewController.swift; sourceTree = "<group>"; };
		2F57D75B1F42DD11007D9392 /* Base */ = {isa = PBXFileReference; lastKnownFileType = file.storyboard; name = Base; path = Base.lproj/Main.storyboard; sourceTree = "<group>"; };
		2F57D75D1F42DD11007D9392 /* Assets.xcassets */ = {isa = PBXFileReference; lastKnownFileType = folder.assetcatalog; path = Assets.xcassets; sourceTree = "<group>"; };
		2F57D7601F42DD11007D9392 /* Base */ = {isa = PBXFileReference; lastKnownFileType = file.storyboard; name = Base; path = Base.lproj/LaunchScreen.storyboard; sourceTree = "<group>"; };
		2F57D7621F42DD11007D9392 /* Info.plist */ = {isa = PBXFileReference; lastKnownFileType = text.plist.xml; path = Info.plist; sourceTree = "<group>"; };
		2F57D7671F42DD11007D9392 /* MessagingAppTests.xctest */ = {isa = PBXFileReference; explicitFileType = wrapper.cfbundle; includeInIndex = 0; path = MessagingAppTests.xctest; sourceTree = BUILT_PRODUCTS_DIR; };
		2F57D76B1F42DD11007D9392 /* MessagingAppTests.swift */ = {isa = PBXFileReference; lastKnownFileType = sourcecode.swift; path = MessagingAppTests.swift; sourceTree = "<group>"; };
		2F57D76D1F42DD11007D9392 /* Info.plist */ = {isa = PBXFileReference; lastKnownFileType = text.plist.xml; path = Info.plist; sourceTree = "<group>"; };
		2F57D7721F42DD11007D9392 /* MessagingAppUITests.xctest */ = {isa = PBXFileReference; explicitFileType = wrapper.cfbundle; includeInIndex = 0; path = MessagingAppUITests.xctest; sourceTree = BUILT_PRODUCTS_DIR; };
		2F57D7761F42DD11007D9392 /* MessagingAppUITests.swift */ = {isa = PBXFileReference; lastKnownFileType = sourcecode.swift; path = MessagingAppUITests.swift; sourceTree = "<group>"; };
		2F57D7781F42DD11007D9392 /* Info.plist */ = {isa = PBXFileReference; lastKnownFileType = text.plist.xml; path = Info.plist; sourceTree = "<group>"; };
		2F57D7851F42E734007D9392 /* LoginViewController.swift */ = {isa = PBXFileReference; fileEncoding = 4; lastKnownFileType = sourcecode.swift; path = LoginViewController.swift; sourceTree = "<group>"; };
		2F57D7881F42FA1D007D9392 /* purplle-icon.ttf */ = {isa = PBXFileReference; lastKnownFileType = file; path = "purplle-icon.ttf"; sourceTree = "<group>"; };
		2F57D7901F43217B007D9392 /* MessagingConstants.swift */ = {isa = PBXFileReference; fileEncoding = 4; lastKnownFileType = sourcecode.swift; path = MessagingConstants.swift; sourceTree = "<group>"; };
/* End PBXFileReference section */

/* Begin PBXFrameworksBuildPhase section */
		2F57D7501F42DD11007D9392 /* Frameworks */ = {
			isa = PBXFrameworksBuildPhase;
			buildActionMask = 2147483647;
			files = (
			);
			runOnlyForDeploymentPostprocessing = 0;
		};
		2F57D7641F42DD11007D9392 /* Frameworks */ = {
			isa = PBXFrameworksBuildPhase;
			buildActionMask = 2147483647;
			files = (
			);
			runOnlyForDeploymentPostprocessing = 0;
		};
		2F57D76F1F42DD11007D9392 /* Frameworks */ = {
			isa = PBXFrameworksBuildPhase;
			buildActionMask = 2147483647;
			files = (
			);
			runOnlyForDeploymentPostprocessing = 0;
		};
/* End PBXFrameworksBuildPhase section */

/* Begin PBXGroup section */
		2F57D74A1F42DD11007D9392 = {
			isa = PBXGroup;
			children = (
				2F57D7551F42DD11007D9392 /* MessagingApp */,
				2F57D76A1F42DD11007D9392 /* MessagingAppTests */,
				2F57D7751F42DD11007D9392 /* MessagingAppUITests */,
				2F57D7541F42DD11007D9392 /* Products */,
			);
			sourceTree = "<group>";
		};
		2F57D7541F42DD11007D9392 /* Products */ = {
			isa = PBXGroup;
			children = (
				2F57D7531F42DD11007D9392 /* MessagingApp.app */,
				2F57D7671F42DD11007D9392 /* MessagingAppTests.xctest */,
				2F57D7721F42DD11007D9392 /* MessagingAppUITests.xctest */,
			);
			name = Products;
			sourceTree = "<group>";
		};
		2F57D7551F42DD11007D9392 /* MessagingApp */ = {
			isa = PBXGroup;
			children = (
				2F57D7871F42F9E5007D9392 /* fonts */,
				2F57D7841F42E71B007D9392 /* Controllers */,
				2F57D7561F42DD11007D9392 /* AppDelegate.swift */,
				2F57D75A1F42DD11007D9392 /* Main.storyboard */,
				2F57D75D1F42DD11007D9392 /* Assets.xcassets */,
				2F57D75F1F42DD11007D9392 /* LaunchScreen.storyboard */,
				2F57D7621F42DD11007D9392 /* Info.plist */,
				2F57D7901F43217B007D9392 /* MessagingConstants.swift */,
			);
			path = MessagingApp;
			sourceTree = "<group>";
		};
		2F57D76A1F42DD11007D9392 /* MessagingAppTests */ = {
			isa = PBXGroup;
			children = (
				2F57D76B1F42DD11007D9392 /* MessagingAppTests.swift */,
				2F57D76D1F42DD11007D9392 /* Info.plist */,
			);
			path = MessagingAppTests;
			sourceTree = "<group>";
		};
		2F57D7751F42DD11007D9392 /* MessagingAppUITests */ = {
			isa = PBXGroup;
			children = (
				2F57D7761F42DD11007D9392 /* MessagingAppUITests.swift */,
				2F57D7781F42DD11007D9392 /* Info.plist */,
			);
			path = MessagingAppUITests;
			sourceTree = "<group>";
		};
		2F57D7841F42E71B007D9392 /* Controllers */ = {
			isa = PBXGroup;
			children = (
				2F57D7581F42DD11007D9392 /* ViewController.swift */,
				2F57D7851F42E734007D9392 /* LoginViewController.swift */,
			);
			name = Controllers;
			sourceTree = "<group>";
		};
		2F57D7871F42F9E5007D9392 /* fonts */ = {
			isa = PBXGroup;
			children = (
				2F57D7881F42FA1D007D9392 /* purplle-icon.ttf */,
			);
			name = fonts;
			sourceTree = "<group>";
		};
/* End PBXGroup section */

/* Begin PBXNativeTarget section */
		2F57D7521F42DD11007D9392 /* MessagingApp */ = {
			isa = PBXNativeTarget;
			buildConfigurationList = 2F57D77B1F42DD11007D9392 /* Build configuration list for PBXNativeTarget "MessagingApp" */;
			buildPhases = (
				2F57D74F1F42DD11007D9392 /* Sources */,
				2F57D7501F42DD11007D9392 /* Frameworks */,
				2F57D7511F42DD11007D9392 /* Resources */,
			);
			buildRules = (
			);
			dependencies = (
			);
			name = MessagingApp;
			productName = MessagingApp;
			productReference = 2F57D7531F42DD11007D9392 /* MessagingApp.app */;
			productType = "com.apple.product-type.application";
		};
		2F57D7661F42DD11007D9392 /* MessagingAppTests */ = {
			isa = PBXNativeTarget;
			buildConfigurationList = 2F57D77E1F42DD11007D9392 /* Build configuration list for PBXNativeTarget "MessagingAppTests" */;
			buildPhases = (
				2F57D7631F42DD11007D9392 /* Sources */,
				2F57D7641F42DD11007D9392 /* Frameworks */,
				2F57D7651F42DD11007D9392 /* Resources */,
			);
			buildRules = (
			);
			dependencies = (
				2F57D7691F42DD11007D9392 /* PBXTargetDependency */,
			);
			name = MessagingAppTests;
			productName = MessagingAppTests;
			productReference = 2F57D7671F42DD11007D9392 /* MessagingAppTests.xctest */;
			productType = "com.apple.product-type.bundle.unit-test";
		};
		2F57D7711F42DD11007D9392 /* MessagingAppUITests */ = {
			isa = PBXNativeTarget;
			buildConfigurationList = 2F57D7811F42DD11007D9392 /* Build configuration list for PBXNativeTarget "MessagingAppUITests" */;
			buildPhases = (
				2F57D76E1F42DD11007D9392 /* Sources */,
				2F57D76F1F42DD11007D9392 /* Frameworks */,
				2F57D7701F42DD11007D9392 /* Resources */,
			);
			buildRules = (
			);
			dependencies = (
				2F57D7741F42DD11007D9392 /* PBXTargetDependency */,
			);
			name = MessagingAppUITests;
			productName = MessagingAppUITests;
			productReference = 2F57D7721F42DD11007D9392 /* MessagingAppUITests.xctest */;
			productType = "com.apple.product-type.bundle.ui-testing";
		};
/* End PBXNativeTarget section */

/* Begin PBXProject section */
		2F57D74B1F42DD11007D9392 /* Project object */ = {
			isa = PBXProject;
			attributes = {
				LastSwiftUpdateCheck = 0810;
				LastUpgradeCheck = 0810;
				ORGANIZATIONNAME = "Sumeet Jain";
				TargetAttributes = {
					2F57D7521F42DD11007D9392 = {
						CreatedOnToolsVersion = 8.1;
						ProvisioningStyle = Automatic;
					};
					2F57D7661F42DD11007D9392 = {
						CreatedOnToolsVersion = 8.1;
						ProvisioningStyle = Automatic;
						TestTargetID = 2F57D7521F42DD11007D9392;
					};
					2F57D7711F42DD11007D9392 = {
						CreatedOnToolsVersion = 8.1;
						ProvisioningStyle = Automatic;
						TestTargetID = 2F57D7521F42DD11007D9392;
					};
				};
			};
			buildConfigurationList = 2F57D74E1F42DD11007D9392 /* Build configuration list for PBXProject "MessagingApp" */;
			compatibilityVersion = "Xcode 3.2";
			developmentRegion = English;
			hasScannedForEncodings = 0;
			knownRegions = (
				en,
				Base,
			);
			mainGroup = 2F57D74A1F42DD11007D9392;
			productRefGroup = 2F57D7541F42DD11007D9392 /* Products */;
			projectDirPath = "";
			projectRoot = "";
			targets = (
				2F57D7521F42DD11007D9392 /* MessagingApp */,
				2F57D7661F42DD11007D9392 /* MessagingAppTests */,
				2F57D7711F42DD11007D9392 /* MessagingAppUITests */,
			);
		};
/* End PBXProject section */

/* Begin PBXResourcesBuildPhase section */
		2F57D7511F42DD11007D9392 /* Resources */ = {
			isa = PBXResourcesBuildPhase;
			buildActionMask = 2147483647;
			files = (
				2F57D7611F42DD11007D9392 /* LaunchScreen.storyboard in Resources */,
				2F57D75E1F42DD11007D9392 /* Assets.xcassets in Resources */,
				2F57D75C1F42DD11007D9392 /* Main.storyboard in Resources */,
				2F57D7891F42FA1D007D9392 /* purplle-icon.ttf in Resources */,
			);
			runOnlyForDeploymentPostprocessing = 0;
		};
		2F57D7651F42DD11007D9392 /* Resources */ = {
			isa = PBXResourcesBuildPhase;
			buildActionMask = 2147483647;
			files = (
				2F57D78A1F42FA1D007D9392 /* purplle-icon.ttf in Resources */,
			);
			runOnlyForDeploymentPostprocessing = 0;
		};
		2F57D7701F42DD11007D9392 /* Resources */ = {
			isa = PBXResourcesBuildPhase;
			buildActionMask = 2147483647;
			files = (
				2F57D78B1F42FA1D007D9392 /* purplle-icon.ttf in Resources */,
			);
			runOnlyForDeploymentPostprocessing = 0;
		};
/* End PBXResourcesBuildPhase section */

/* Begin PBXSourcesBuildPhase section */
		2F57D74F1F42DD11007D9392 /* Sources */ = {
			isa = PBXSourcesBuildPhase;
			buildActionMask = 2147483647;
			files = (
				2F57D7861F42E734007D9392 /* LoginViewController.swift in Sources */,
				2F57D7591F42DD11007D9392 /* ViewController.swift in Sources */,
				2F57D7911F43217B007D9392 /* MessagingConstants.swift in Sources */,
				2F57D7571F42DD11007D9392 /* AppDelegate.swift in Sources */,
			);
			runOnlyForDeploymentPostprocessing = 0;
		};
		2F57D7631F42DD11007D9392 /* Sources */ = {
			isa = PBXSourcesBuildPhase;
			buildActionMask = 2147483647;
			files = (
				2F57D7921F43217B007D9392 /* MessagingConstants.swift in Sources */,
				2F57D76C1F42DD11007D9392 /* MessagingAppTests.swift in Sources */,
			);
			runOnlyForDeploymentPostprocessing = 0;
		};
		2F57D76E1F42DD11007D9392 /* Sources */ = {
			isa = PBXSourcesBuildPhase;
			buildActionMask = 2147483647;
			files = (
				2F57D7931F43217B007D9392 /* MessagingConstants.swift in Sources */,
				2F57D7771F42DD11007D9392 /* MessagingAppUITests.swift in Sources */,
			);
			runOnlyForDeploymentPostprocessing = 0;
		};
/* End PBXSourcesBuildPhase section */

/* Begin PBXTargetDependency section */
		2F57D7691F42DD11007D9392 /* PBXTargetDependency */ = {
			isa = PBXTargetDependency;
			target = 2F57D7521F42DD11007D9392 /* MessagingApp */;
			targetProxy = 2F57D7681F42DD11007D9392 /* PBXContainerItemProxy */;
		};
		2F57D7741F42DD11007D9392 /* PBXTargetDependency */ = {
			isa = PBXTargetDependency;
			target = 2F57D7521F42DD11007D9392 /* MessagingApp */;
			targetProxy = 2F57D7731F42DD11007D9392 /* PBXContainerItemProxy */;
		};
/* End PBXTargetDependency section */

/* Begin PBXVariantGroup section */
		2F57D75A1F42DD11007D9392 /* Main.storyboard */ = {
			isa = PBXVariantGroup;
			children = (
				2F57D75B1F42DD11007D9392 /* Base */,
			);
			name = Main.storyboard;
			sourceTree = "<group>";
		};
		2F57D75F1F42DD11007D9392 /* LaunchScreen.storyboard */ = {
			isa = PBXVariantGroup;
			children = (
				2F57D7601F42DD11007D9392 /* Base */,
			);
			name = LaunchScreen.storyboard;
			sourceTree = "<group>";
		};
/* End PBXVariantGroup section */

/* Begin XCBuildConfiguration section */
		2F57D7791F42DD11007D9392 /* Debug */ = {
			isa = XCBuildConfiguration;
			buildSettings = {
				ALWAYS_SEARCH_USER_PATHS = NO;
				CLANG_ANALYZER_NONNULL = YES;
				CLANG_CXX_LANGUAGE_STANDARD = "gnu++0x";
				CLANG_CXX_LIBRARY = "libc++";
				CLANG_ENABLE_MODULES = YES;
				CLANG_ENABLE_OBJC_ARC = YES;
				CLANG_WARN_BOOL_CONVERSION = YES;
				CLANG_WARN_CONSTANT_CONVERSION = YES;
				CLANG_WARN_DIRECT_OBJC_ISA_USAGE = YES_ERROR;
				CLANG_WARN_DOCUMENTATION_COMMENTS = YES;
				CLANG_WARN_EMPTY_BODY = YES;
				CLANG_WARN_ENUM_CONVERSION = YES;
				CLANG_WARN_INFINITE_RECURSION = YES;
				CLANG_WARN_INT_CONVERSION = YES;
				CLANG_WARN_OBJC_ROOT_CLASS = YES_ERROR;
				CLANG_WARN_SUSPICIOUS_MOVES = YES;
				CLANG_WARN_UNREACHABLE_CODE = YES;
				CLANG_WARN__DUPLICATE_METHOD_MATCH = YES;
				"CODE_SIGN_IDENTITY[sdk=iphoneos*]" = "iPhone Developer";
				COPY_PHASE_STRIP = NO;
				DEBUG_INFORMATION_FORMAT = dwarf;
				ENABLE_STRICT_OBJC_MSGSEND = YES;
				ENABLE_TESTABILITY = YES;
				GCC_C_LANGUAGE_STANDARD = gnu99;
				GCC_DYNAMIC_NO_PIC = NO;
				GCC_NO_COMMON_BLOCKS = YES;
				GCC_OPTIMIZATION_LEVEL = 0;
				GCC_PREPROCESSOR_DEFINITIONS = (
					"DEBUG=1",
					"$(inherited)",
				);
				GCC_WARN_64_TO_32_BIT_CONVERSION = YES;
				GCC_WARN_ABOUT_RETURN_TYPE = YES_ERROR;
				GCC_WARN_UNDECLARED_SELECTOR = YES;
				GCC_WARN_UNINITIALIZED_AUTOS = YES_AGGRESSIVE;
				GCC_WARN_UNUSED_FUNCTION = YES;
				GCC_WARN_UNUSED_VARIABLE = YES;
				IPHONEOS_DEPLOYMENT_TARGET = 10.1;
				MTL_ENABLE_DEBUG_INFO = YES;
				ONLY_ACTIVE_ARCH = YES;
				SDKROOT = iphoneos;
				SWIFT_ACTIVE_COMPILATION_CONDITIONS = DEBUG;
				SWIFT_OPTIMIZATION_LEVEL = "-Onone";
				TARGETED_DEVICE_FAMILY = "1,2";
			};
			name = Debug;
		};
		2F57D77A1F42DD11007D9392 /* Release */ = {
			isa = XCBuildConfiguration;
			buildSettings = {
				ALWAYS_SEARCH_USER_PATHS = NO;
				CLANG_ANALYZER_NONNULL = YES;
				CLANG_CXX_LANGUAGE_STANDARD = "gnu++0x";
				CLANG_CXX_LIBRARY = "libc++";
				CLANG_ENABLE_MODULES = YES;
				CLANG_ENABLE_OBJC_ARC = YES;
				CLANG_WARN_BOOL_CONVERSION = YES;
				CLANG_WARN_CONSTANT_CONVERSION = YES;
				CLANG_WARN_DIRECT_OBJC_ISA_USAGE = YES_ERROR;
				CLANG_WARN_DOCUMENTATION_COMMENTS = YES;
				CLANG_WARN_EMPTY_BODY = YES;
				CLANG_WARN_ENUM_CONVERSION = YES;
				CLANG_WARN_INFINITE_RECURSION = YES;
				CLANG_WARN_INT_CONVERSION = YES;
				CLANG_WARN_OBJC_ROOT_CLASS = YES_ERROR;
				CLANG_WARN_SUSPICIOUS_MOVES = YES;
				CLANG_WARN_UNREACHABLE_CODE = YES;
				CLANG_WARN__DUPLICATE_METHOD_MATCH = YES;
				"CODE_SIGN_IDENTITY[sdk=iphoneos*]" = "iPhone Developer";
				COPY_PHASE_STRIP = NO;
				DEBUG_INFORMATION_FORMAT = "dwarf-with-dsym";
				ENABLE_NS_ASSERTIONS = NO;
				ENABLE_STRICT_OBJC_MSGSEND = YES;
				GCC_C_LANGUAGE_STANDARD = gnu99;
				GCC_NO_COMMON_BLOCKS = YES;
				GCC_WARN_64_TO_32_BIT_CONVERSION = YES;
				GCC_WARN_ABOUT_RETURN_TYPE = YES_ERROR;
				GCC_WARN_UNDECLARED_SELECTOR = YES;
				GCC_WARN_UNINITIALIZED_AUTOS = YES_AGGRESSIVE;
				GCC_WARN_UNUSED_FUNCTION = YES;
				GCC_WARN_UNUSED_VARIABLE = YES;
				IPHONEOS_DEPLOYMENT_TARGET = 10.1;
				MTL_ENABLE_DEBUG_INFO = NO;
				SDKROOT = iphoneos;
				SWIFT_OPTIMIZATION_LEVEL = "-Owholemodule";
				TARGETED_DEVICE_FAMILY = "1,2";
				VALIDATE_PRODUCT = YES;
			};
			name = Release;
		};
		2F57D77C1F42DD11007D9392 /* Debug */ = {
			isa = XCBuildConfiguration;
			buildSettings = {
				ASSETCATALOG_COMPILER_APPICON_NAME = AppIcon;
				INFOPLIST_FILE = MessagingApp/Info.plist;
				LD_RUNPATH_SEARCH_PATHS = "$(inherited) @executable_path/Frameworks";
				PRODUCT_BUNDLE_IDENTIFIER = sumeetjain.MessagingApp;
				PRODUCT_NAME = "$(TARGET_NAME)";
				SWIFT_VERSION = 3.0;
			};
			name = Debug;
		};
		2F57D77D1F42DD11007D9392 /* Release */ = {
			isa = XCBuildConfiguration;
			buildSettings = {
				ASSETCATALOG_COMPILER_APPICON_NAME = AppIcon;
				INFOPLIST_FILE = MessagingApp/Info.plist;
				LD_RUNPATH_SEARCH_PATHS = "$(inherited) @executable_path/Frameworks";
				PRODUCT_BUNDLE_IDENTIFIER = sumeetjain.MessagingApp;
				PRODUCT_NAME = "$(TARGET_NAME)";
				SWIFT_VERSION = 3.0;
			};
			name = Release;
		};
		2F57D77F1F42DD11007D9392 /* Debug */ = {
			isa = XCBuildConfiguration;
			buildSettings = {
				ALWAYS_EMBED_SWIFT_STANDARD_LIBRARIES = YES;
				BUNDLE_LOADER = "$(TEST_HOST)";
				INFOPLIST_FILE = MessagingAppTests/Info.plist;
				LD_RUNPATH_SEARCH_PATHS = "$(inherited) @executable_path/Frameworks @loader_path/Frameworks";
				PRODUCT_BUNDLE_IDENTIFIER = sumeetjain.MessagingAppTests;
				PRODUCT_NAME = "$(TARGET_NAME)";
				SWIFT_VERSION = 3.0;
				TEST_HOST = "$(BUILT_PRODUCTS_DIR)/MessagingApp.app/MessagingApp";
			};
			name = Debug;
		};
		2F57D7801F42DD11007D9392 /* Release */ = {
			isa = XCBuildConfiguration;
			buildSettings = {
				ALWAYS_EMBED_SWIFT_STANDARD_LIBRARIES = YES;
				BUNDLE_LOADER = "$(TEST_HOST)";
				INFOPLIST_FILE = MessagingAppTests/Info.plist;
				LD_RUNPATH_SEARCH_PATHS = "$(inherited) @executable_path/Frameworks @loader_path/Frameworks";
				PRODUCT_BUNDLE_IDENTIFIER = sumeetjain.MessagingAppTests;
				PRODUCT_NAME = "$(TARGET_NAME)";
				SWIFT_VERSION = 3.0;
				TEST_HOST = "$(BUILT_PRODUCTS_DIR)/MessagingApp.app/MessagingApp";
			};
			name = Release;
		};
		2F57D7821F42DD11007D9392 /* Debug */ = {
			isa = XCBuildConfiguration;
			buildSettings = {
				ALWAYS_EMBED_SWIFT_STANDARD_LIBRARIES = YES;
				INFOPLIST_FILE = MessagingAppUITests/Info.plist;
				LD_RUNPATH_SEARCH_PATHS = "$(inherited) @executable_path/Frameworks @loader_path/Frameworks";
				PRODUCT_BUNDLE_IDENTIFIER = sumeetjain.MessagingAppUITests;
				PRODUCT_NAME = "$(TARGET_NAME)";
				SWIFT_VERSION = 3.0;
				TEST_TARGET_NAME = MessagingApp;
			};
			name = Debug;
		};
		2F57D7831F42DD11007D9392 /* Release */ = {
			isa = XCBuildConfiguration;
			buildSettings = {
				ALWAYS_EMBED_SWIFT_STANDARD_LIBRARIES = YES;
				INFOPLIST_FILE = MessagingAppUITests/Info.plist;
				LD_RUNPATH_SEARCH_PATHS = "$(inherited) @executable_path/Frameworks @loader_path/Frameworks";
				PRODUCT_BUNDLE_IDENTIFIER = sumeetjain.MessagingAppUITests;
				PRODUCT_NAME = "$(TARGET_NAME)";
				SWIFT_VERSION = 3.0;
				TEST_TARGET_NAME = MessagingApp;
			};
			name = Release;
		};
/* End XCBuildConfiguration section */

/* Begin XCConfigurationList section */
		2F57D74E1F42DD11007D9392 /* Build configuration list for PBXProject "MessagingApp" */ = {
			isa = XCConfigurationList;
			buildConfigurations = (
				2F57D7791F42DD11007D9392 /* Debug */,
				2F57D77A1F42DD11007D9392 /* Release */,
			);
			defaultConfigurationIsVisible = 0;
			defaultConfigurationName = Release;
		};
		2F57D77B1F42DD11007D9392 /* Build configuration list for PBXNativeTarget "MessagingApp" */ = {
			isa = XCConfigurationList;
			buildConfigurations = (
				2F57D77C1F42DD11007D9392 /* Debug */,
				2F57D77D1F42DD11007D9392 /* Release */,
			);
			defaultConfigurationIsVisible = 0;
		};
		2F57D77E1F42DD11007D9392 /* Build configuration list for PBXNativeTarget "MessagingAppTests" */ = {
			isa = XCConfigurationList;
			buildConfigurations = (
				2F57D77F1F42DD11007D9392 /* Debug */,
				2F57D7801F42DD11007D9392 /* Release */,
			);
			defaultConfigurationIsVisible = 0;
		};
		2F57D7811F42DD11007D9392 /* Build configuration list for PBXNativeTarget "MessagingAppUITests" */ = {
			isa = XCConfigurationList;
			buildConfigurations = (
				2F57D7821F42DD11007D9392 /* Debug */,
				2F57D7831F42DD11007D9392 /* Release */,
			);
			defaultConfigurationIsVisible = 0;
		};
/* End XCConfigurationList section */
	};
	rootObject = 2F57D74B1F42DD11007D9392 /* Project object */;
}
